
Microsoft Visual Studio Solution File, Format Version 12.00
# Visual Studio 16
Project("{FAE04EC0-301F-11D3-BF4B-00C04F79EFBC}") = "Assembly-CSharp", "Assembly-CSharp.csproj", "{763F3F92-6C38-EC3E-66D8-6598845CE1DB}"
EndProject
Global
	GlobalSection(SolutionConfigurationPlatforms) = preSolution
		Debug|Any CPU = Debug|Any CPU
		Release|Any CPU = Release|Any CPU
	EndGlobalSection
	GlobalSection(ProjectConfigurationPlatforms) = postSolution
		{763F3F92-6C38-EC3E-66D8-6598845CE1DB}.Debug|Any CPU.ActiveCfg = Debug|Any CPU
		{763F3F92-6C38-EC3E-66D8-6598845CE1DB}.Debug|Any CPU.Build.0 = Debug|Any CPU
		{763F3F92-6C38-EC3E-66D8-6598845CE1DB}.Release|Any CPU.ActiveCfg = Release|Any CPU
		{763F3F92-6C38-EC3E-66D8-6598845CE1DB}.Release|Any CPU.Build.0 = Release|Any CPU
	EndGlobalSection
	GlobalSection(SolutionProperties) = preSolution
		HideSolutionNode = FALSE
	EndGlobalSection
	GlobalSection(MonoDevelopProperties) = preSolution
		StartupItem = Assembly-CSharp.csproj
	EndGlobalSection
EndGlobal
